
Microsoft Visual Studio Solution File, Format Version 12.00
# Visual Studio 2013
VisualStudioVersion = 12.0.21005.1
MinimumVisualStudioVersion = 10.0.40219.1
Project("{FAE04EC0-301F-11D3-BF4B-00C04F79EFBC}") = "WS_Project_Raspberry", "WS_Project\WS_Project_Raspberry.csproj", "{2878C87D-2D7B-404C-916B-A00D5BE55045}"
EndProject
Global
	GlobalSection(SolutionConfigurationPlatforms) = preSolution
		Debug|Any CPU = Debug|Any CPU
		Release|Any CPU = Release|Any CPU
	EndGlobalSection
	GlobalSection(ProjectConfigurationPlatforms) = postSolution
		{2878C87D-2D7B-404C-916B-A00D5BE55045}.Debug|Any CPU.ActiveCfg = Debug|Any CPU
		{2878C87D-2D7B-404C-916B-A00D5BE55045}.Debug|Any CPU.Build.0 = Debug|Any CPU
		{2878C87D-2D7B-404C-916B-A00D5BE55045}.Release|Any CPU.ActiveCfg = Release|Any CPU
		{2878C87D-2D7B-404C-916B-A00D5BE55045}.Release|Any CPU.Build.0 = Release|Any CPU
	EndGlobalSection
	GlobalSection(SolutionProperties) = preSolution
		HideSolutionNode = FALSE
	EndGlobalSection
EndGlobal
